
Microsoft Visual Studio Solution File, Format Version 12.00
# Visual Studio 14
VisualStudioVersion = 14.0.25420.1
MinimumVisualStudioVersion = 10.0.40219.1
Project("{2150E333-8FDC-42A3-9474-1A3956D46DE8}") = "1.Ul表现层", "1.Ul表现层", "{6E74555E-1329-4F3D-8BA1-49430F78B359}"
EndProject
Project("{2150E333-8FDC-42A3-9474-1A3956D46DE8}") = "3.BLL业务层", "3.BLL业务层", "{55F76C24-705E-4BE4-8CC3-3A2B31F84770}"
EndProject
Project("{2150E333-8FDC-42A3-9474-1A3956D46DE8}") = "2.IBLL业务接口层", "2.IBLL业务接口层", "{1FCAE4BF-D4C7-4E08-B5FE-C2AB418FC74A}"
EndProject
Project("{2150E333-8FDC-42A3-9474-1A3956D46DE8}") = "4.IDAL数据接口层", "4.IDAL数据接口层", "{F70CEA4F-FA77-49AF-8609-76653E75B487}"
EndProject
Project("{2150E333-8FDC-42A3-9474-1A3956D46DE8}") = "5.DAL数据层", "5.DAL数据层", "{71A66DD8-46A1-4EA1-B6FF-92D2DBC4ABE4}"
EndProject
Project("{2150E333-8FDC-42A3-9474-1A3956D46DE8}") = "Model", "Model", "{62DEDCF0-DA9F-4B06-BF5A-17BAF45BC776}"
EndProject
Project("{FAE04EC0-301F-11D3-BF4B-00C04F79EFBC}") = "WShop.weixin", "WShop.weixin\WShop.weixin.csproj", "{8A0956B4-3335-4BE1-BBEE-D8DD5CB2EC0E}"
	ProjectSection(ProjectDependencies) = postProject
		{E67B7236-984D-4FB1-8A09-D95E120D68C8} = {E67B7236-984D-4FB1-8A09-D95E120D68C8}
		{1032F5F6-D666-4C7D-897E-9425C5AE56D3} = {1032F5F6-D666-4C7D-897E-9425C5AE56D3}
	EndProjectSection
EndProject
Project("{FAE04EC0-301F-11D3-BF4B-00C04F79EFBC}") = "WShop.IService", "WShop.IService\WShop.IService.csproj", "{E67B7236-984D-4FB1-8A09-D95E120D68C8}"
	ProjectSection(ProjectDependencies) = postProject
		{9409CAC6-3DD5-4AC0-BD13-CCA00E1E2B1F} = {9409CAC6-3DD5-4AC0-BD13-CCA00E1E2B1F}
		{1032F5F6-D666-4C7D-897E-9425C5AE56D3} = {1032F5F6-D666-4C7D-897E-9425C5AE56D3}
	EndProjectSection
EndProject
Project("{FAE04EC0-301F-11D3-BF4B-00C04F79EFBC}") = "WShop.Service", "WShop.Service\WShop.Service.csproj", "{9DFD77AD-0B9E-445D-9E54-2291226EE5CC}"
	ProjectSection(ProjectDependencies) = postProject
		{E67B7236-984D-4FB1-8A09-D95E120D68C8} = {E67B7236-984D-4FB1-8A09-D95E120D68C8}
		{9409CAC6-3DD5-4AC0-BD13-CCA00E1E2B1F} = {9409CAC6-3DD5-4AC0-BD13-CCA00E1E2B1F}
		{1032F5F6-D666-4C7D-897E-9425C5AE56D3} = {1032F5F6-D666-4C7D-897E-9425C5AE56D3}
	EndProjectSection
EndProject
Project("{FAE04EC0-301F-11D3-BF4B-00C04F79EFBC}") = "WShop.IRepositoty", "WShop.IRepositoty\WShop.IRepositoty.csproj", "{9409CAC6-3DD5-4AC0-BD13-CCA00E1E2B1F}"
	ProjectSection(ProjectDependencies) = postProject
		{1032F5F6-D666-4C7D-897E-9425C5AE56D3} = {1032F5F6-D666-4C7D-897E-9425C5AE56D3}
	EndProjectSection
EndProject
Project("{FAE04EC0-301F-11D3-BF4B-00C04F79EFBC}") = "WShop.Repositoty", "WShop.Repositoty\WShop.Repositoty.csproj", "{BF9B781F-7A85-4AB0-88BE-B8D3F629B930}"
	ProjectSection(ProjectDependencies) = postProject
		{9409CAC6-3DD5-4AC0-BD13-CCA00E1E2B1F} = {9409CAC6-3DD5-4AC0-BD13-CCA00E1E2B1F}
		{1032F5F6-D666-4C7D-897E-9425C5AE56D3} = {1032F5F6-D666-4C7D-897E-9425C5AE56D3}
	EndProjectSection
EndProject
Project("{FAE04EC0-301F-11D3-BF4B-00C04F79EFBC}") = "WShop.EFModel", "WShop.Model\WShop.EFModel.csproj", "{1032F5F6-D666-4C7D-897E-9425C5AE56D3}"
EndProject
Global
	GlobalSection(SolutionConfigurationPlatforms) = preSolution
		Debug|Any CPU = Debug|Any CPU
		Release|Any CPU = Release|Any CPU
	EndGlobalSection
	GlobalSection(ProjectConfigurationPlatforms) = postSolution
		{8A0956B4-3335-4BE1-BBEE-D8DD5CB2EC0E}.Debug|Any CPU.ActiveCfg = Debug|Any CPU
		{8A0956B4-3335-4BE1-BBEE-D8DD5CB2EC0E}.Debug|Any CPU.Build.0 = Debug|Any CPU
		{8A0956B4-3335-4BE1-BBEE-D8DD5CB2EC0E}.Release|Any CPU.ActiveCfg = Release|Any CPU
		{8A0956B4-3335-4BE1-BBEE-D8DD5CB2EC0E}.Release|Any CPU.Build.0 = Release|Any CPU
		{E67B7236-984D-4FB1-8A09-D95E120D68C8}.Debug|Any CPU.ActiveCfg = Debug|Any CPU
		{E67B7236-984D-4FB1-8A09-D95E120D68C8}.Debug|Any CPU.Build.0 = Debug|Any CPU
		{E67B7236-984D-4FB1-8A09-D95E120D68C8}.Release|Any CPU.ActiveCfg = Release|Any CPU
		{E67B7236-984D-4FB1-8A09-D95E120D68C8}.Release|Any CPU.Build.0 = Release|Any CPU
		{9DFD77AD-0B9E-445D-9E54-2291226EE5CC}.Debug|Any CPU.ActiveCfg = Debug|Any CPU
		{9DFD77AD-0B9E-445D-9E54-2291226EE5CC}.Debug|Any CPU.Build.0 = Debug|Any CPU
		{9DFD77AD-0B9E-445D-9E54-2291226EE5CC}.Release|Any CPU.ActiveCfg = Release|Any CPU
		{9DFD77AD-0B9E-445D-9E54-2291226EE5CC}.Release|Any CPU.Build.0 = Release|Any CPU
		{9409CAC6-3DD5-4AC0-BD13-CCA00E1E2B1F}.Debug|Any CPU.ActiveCfg = Debug|Any CPU
		{9409CAC6-3DD5-4AC0-BD13-CCA00E1E2B1F}.Debug|Any CPU.Build.0 = Debug|Any CPU
		{9409CAC6-3DD5-4AC0-BD13-CCA00E1E2B1F}.Release|Any CPU.ActiveCfg = Release|Any CPU
		{9409CAC6-3DD5-4AC0-BD13-CCA00E1E2B1F}.Release|Any CPU.Build.0 = Release|Any CPU
		{BF9B781F-7A85-4AB0-88BE-B8D3F629B930}.Debug|Any CPU.ActiveCfg = Debug|Any CPU
		{BF9B781F-7A85-4AB0-88BE-B8D3F629B930}.Debug|Any CPU.Build.0 = Debug|Any CPU
		{BF9B781F-7A85-4AB0-88BE-B8D3F629B930}.Release|Any CPU.ActiveCfg = Release|Any CPU
		{BF9B781F-7A85-4AB0-88BE-B8D3F629B930}.Release|Any CPU.Build.0 = Release|Any CPU
		{1032F5F6-D666-4C7D-897E-9425C5AE56D3}.Debug|Any CPU.ActiveCfg = Debug|Any CPU
		{1032F5F6-D666-4C7D-897E-9425C5AE56D3}.Debug|Any CPU.Build.0 = Debug|Any CPU
		{1032F5F6-D666-4C7D-897E-9425C5AE56D3}.Release|Any CPU.ActiveCfg = Release|Any CPU
		{1032F5F6-D666-4C7D-897E-9425C5AE56D3}.Release|Any CPU.Build.0 = Release|Any CPU
	EndGlobalSection
	GlobalSection(SolutionProperties) = preSolution
		HideSolutionNode = FALSE
	EndGlobalSection
	GlobalSection(NestedProjects) = preSolution
		{8A0956B4-3335-4BE1-BBEE-D8DD5CB2EC0E} = {6E74555E-1329-4F3D-8BA1-49430F78B359}
		{E67B7236-984D-4FB1-8A09-D95E120D68C8} = {1FCAE4BF-D4C7-4E08-B5FE-C2AB418FC74A}
		{9DFD77AD-0B9E-445D-9E54-2291226EE5CC} = {55F76C24-705E-4BE4-8CC3-3A2B31F84770}
		{9409CAC6-3DD5-4AC0-BD13-CCA00E1E2B1F} = {F70CEA4F-FA77-49AF-8609-76653E75B487}
		{BF9B781F-7A85-4AB0-88BE-B8D3F629B930} = {71A66DD8-46A1-4EA1-B6FF-92D2DBC4ABE4}
		{1032F5F6-D666-4C7D-897E-9425C5AE56D3} = {62DEDCF0-DA9F-4B06-BF5A-17BAF45BC776}
	EndGlobalSection
EndGlobal
